
Microsoft Visual Studio Solution File, Format Version 12.00
# Visual Studio Version 17
VisualStudioVersion = 17.4.33205.214
MinimumVisualStudioVersion = 10.0.40219.1
Project("{FAE04EC0-301F-11D3-BF4B-00C04F79EFBC}") = "FoxiomTask", "FoxiomTask.csproj", "{A3BF7183-2B3D-4790-9213-CA78D9CF94C0}"
EndProject
Global
	GlobalSection(SolutionConfigurationPlatforms) = preSolution
		Debug|Any CPU = Debug|Any CPU
		Release|Any CPU = Release|Any CPU
	EndGlobalSection
	GlobalSection(ProjectConfigurationPlatforms) = postSolution
		{A3BF7183-2B3D-4790-9213-CA78D9CF94C0}.Debug|Any CPU.ActiveCfg = Debug|Any CPU
		{A3BF7183-2B3D-4790-9213-CA78D9CF94C0}.Debug|Any CPU.Build.0 = Debug|Any CPU
		{A3BF7183-2B3D-4790-9213-CA78D9CF94C0}.Release|Any CPU.ActiveCfg = Release|Any CPU
		{A3BF7183-2B3D-4790-9213-CA78D9CF94C0}.Release|Any CPU.Build.0 = Release|Any CPU
	EndGlobalSection
	GlobalSection(SolutionProperties) = preSolution
		HideSolutionNode = FALSE
	EndGlobalSection
	GlobalSection(ExtensibilityGlobals) = postSolution
		SolutionGuid = {6E7289E4-25BA-4227-93C2-BFF5E1F50F1E}
	EndGlobalSection
EndGlobal
